{
  "name": "test-aws-sdk-js-typescript-detection",
  "version": "1.0.0",
  "lockfileVersion": 3,
  "requires": true,
  "packages": {
    "": {
      "name": "test-aws-sdk-js-typescript-detection",
      "version": "1.0.0",
      "dependencies": {
        "@aws-sdk/util-user-agent-node": "file:aws-sdk-util-user-agent-node-3.972.12.tgz"
      }
    },
    "node_modules/@aws-sdk/core": {
      "version": "3.973.14",
      "resolved": "https://registry.npmjs.org/@aws-sdk/core/-/core-3.973.14.tgz",
      "integrity": "sha512-iAQ1jIGESTVjoqNNY9VlsE9FnCz+Hc8s+dgurF6WrgFyVIw+uggH+V102RFhwjRv4dLSSLfzjDwvQnLszov7TQ==",
      "license": "Apache-2.0",
      "dependencies": {
        "@aws-sdk/types": "^3.973.3",
        "@aws-sdk/xml-builder": "^3.972.7",
        "@smithy/core": "^3.23.6",
        "@smithy/node-config-provider": "^4.3.10",
        "@smithy/property-provider": "^4.2.10",
        "@smithy/protocol-http": "^5.3.10",
        "@smithy/signature-v4": "^5.3.10",
        "@smithy/smithy-client": "^4.12.0",
        "@smithy/types": "^4.13.0",
        "@smithy/util-base64": "^4.3.1",
        "@smithy/util-middleware": "^4.2.10",
        "@smithy/util-utf8": "^4.2.1",
        "tslib": "^2.6.2"
      },
      "engines": {
        "node": ">=20.0.0"
      }
    },
    "node_modules/@aws-sdk/middleware-user-agent": {
      "version": "3.972.14",
      "resolved": "https://registry.npmjs.org/@aws-sdk/middleware-user-agent/-/middleware-user-agent-3.972.14.tgz",
      "integrity": "sha512-PzDz+yRAQuIzd+4ZY3s6/TYRzlNKAn4Gae3E5uLV7NnYHqrZHFoAfKE4beXcu3C51pA2/FQ3X2qOGSYqUoN1WQ==",
      "license": "Apache-2.0",
      "dependencies": {
        "@aws-sdk/core": "^3.973.14",
        "@aws-sdk/types": "^3.973.3",
        "@aws-sdk/util-endpoints": "^3.996.2",
        "@smithy/core": "^3.23.6",
        "@smithy/protocol-http": "^5.3.10",
        "@smithy/types": "^4.13.0",
        "tslib": "^2.6.2"
      },
      "engines": {
        "node": ">=20.0.0"
      }
    },
    "node_modules/@aws-sdk/types": {
      "version": "3.973.3",
      "resolved": "https://registry.npmjs.org/@aws-sdk/types/-/types-3.973.3.tgz",
      "integrity": "sha512-tma6D8/xHZHJEUqmr6ksZjZ0onyIUqKDQLyp50ttZJmS0IwFYzxBgp5CxFvpYAnah52V3UtgrqGA6E83gtT7NQ==",
      "license": "Apache-2.0",
      "dependencies": {
        "@smithy/types": "^4.13.0",
        "tslib": "^2.6.2"
      },
      "engines": {
        "node": ">=20.0.0"
      }
    },
    "node_modules/@aws-sdk/util-endpoints": {
      "version": "3.996.2",
      "resolved": "https://registry.npmjs.org/@aws-sdk/util-endpoints/-/util-endpoints-3.996.2.tgz",
      "integrity": "sha512-83E6T1CKi0/IozPzqRBKqduW0mS4UQdI3soBH6CG7UgupTADWunqEMOTuPWCs9XGjpJJ4ujj+yu7pn8svhp5yg==",
      "license": "Apache-2.0",
      "dependencies": {
        "@aws-sdk/types": "^3.973.3",
        "@smithy/types": "^4.13.0",
        "@smithy/url-parser": "^4.2.10",
        "@smithy/util-endpoints": "^3.3.1",
        "tslib": "^2.6.2"
      },
      "engines": {
        "node": ">=20.0.0"
      }
    },
    "node_modules/@aws-sdk/util-user-agent-node": {
      "version": "3.972.12",
      "resolved": "file:aws-sdk-util-user-agent-node-3.972.12.tgz",
      "integrity": "sha512-EkncJTKAIuUmYdeCPRCvwYRjmHDiDe2pfMtYPCgCHqgQ16te4VH5W4yvI183u/DP9rD9Y7G6GmtX621Rl9PG5g==",
      "license": "Apache-2.0",
      "dependencies": {
        "@aws-sdk/middleware-user-agent": "^3.972.13",
        "@aws-sdk/types": "^3.973.2",
        "@smithy/node-config-provider": "^4.3.10",
        "@smithy/types": "^4.13.0",
        "tslib": "^2.6.2"
      },
      "engines": {
        "node": ">=20.0.0"
      },
      "peerDependencies": {
        "aws-crt": ">=1.0.0"
      },
      "peerDependenciesMeta": {
        "aws-crt": {
          "optional": true
        }
      }
    },
    "node_modules/@aws-sdk/xml-builder": {
      "version": "3.972.7",
      "resolved": "https://registry.npmjs.org/@aws-sdk/xml-builder/-/xml-builder-3.972.7.tgz",
      "integrity": "sha512-9GF86s6mHuc1TYCbuKatMDWl2PyK3KIkpRaI7ul2/gYZPfaLzKZ+ISHhxzVb9KVeakf75tUQe6CXW2gugSCXNw==",
      "license": "Apache-2.0",
      "dependencies": {
        "@smithy/types": "^4.13.0",
        "fast-xml-parser": "5.3.6",
        "tslib": "^2.6.2"
      },
      "engines": {
        "node": ">=20.0.0"
      }
    },
    "node_modules/@smithy/abort-controller": {
      "version": "4.2.10",
      "resolved": "https://registry.npmjs.org/@smithy/abort-controller/-/abort-controller-4.2.10.tgz",
      "integrity": "sha512-qocxM/X4XGATqQtUkbE9SPUB6wekBi+FyJOMbPj0AhvyvFGYEmOlz6VB22iMePCQsFmMIvFSeViDvA7mZJG47g==",
      "license": "Apache-2.0",
      "dependencies": {
        "@smithy/types": "^4.13.0",
        "tslib": "^2.6.2"
      },
      "engines": {
        "node": ">=18.0.0"
      }
    },
    "node_modules/@smithy/core": {
      "version": "3.23.6",
      "resolved": "https://registry.npmjs.org/@smithy/core/-/core-3.23.6.tgz",
      "integrity": "sha512-4xE+0L2NrsFKpEVFlFELkIHQddBvMbQ41LRIP74dGCXnY1zQ9DgksrBcRBDJT+iOzGy4VEJIeU3hkUK5mn06kg==",
      "license": "Apache-2.0",
      "dependencies": {
        "@smithy/middleware-serde": "^4.2.11",
        "@smithy/protocol-http": "^5.3.10",
        "@smithy/types": "^4.13.0",
        "@smithy/util-base64": "^4.3.1",
        "@smithy/util-body-length-browser": "^4.2.1",
        "@smithy/util-middleware": "^4.2.10",
        "@smithy/util-stream": "^4.5.15",
        "@smithy/util-utf8": "^4.2.1",
        "@smithy/uuid": "^1.1.1",
        "tslib": "^2.6.2"
      },
      "engines": {
        "node": ">=18.0.0"
      }
    },
    "node_modules/@smithy/fetch-http-handler": {
      "version": "5.3.11",
      "resolved": "https://registry.npmjs.org/@smithy/fetch-http-handler/-/fetch-http-handler-5.3.11.tgz",
      "integrity": "sha512-wbTRjOxdFuyEg0CpumjZO0hkUl+fetJFqxNROepuLIoijQh51aMBmzFLfoQdwRjxsuuS2jizzIUTjPWgd8pd7g==",
      "license": "Apache-2.0",
      "dependencies": {
        "@smithy/protocol-http": "^5.3.10",
        "@smithy/querystring-builder": "^4.2.10",
        "@smithy/types": "^4.13.0",
        "@smithy/util-base64": "^4.3.1",
        "tslib": "^2.6.2"
      },
      "engines": {
        "node": ">=18.0.0"
      }
    },
    "node_modules/@smithy/is-array-buffer": {
      "version": "4.2.1",
      "resolved": "https://registry.npmjs.org/@smithy/is-array-buffer/-/is-array-buffer-4.2.1.tgz",
      "integrity": "sha512-Yfu664Qbf1B4IYIsYgKoABt010daZjkaCRvdU/sPnZG6TtHOB0md0RjNdLGzxe5UIdn9js4ftPICzmkRa9RJ4Q==",
      "license": "Apache-2.0",
      "dependencies": {
        "tslib": "^2.6.2"
      },
      "engines": {
        "node": ">=18.0.0"
      }
    },
    "node_modules/@smithy/middleware-endpoint": {
      "version": "4.4.20",
      "resolved": "https://registry.npmjs.org/@smithy/middleware-endpoint/-/middleware-endpoint-4.4.20.tgz",
      "integrity": "sha512-9W6Np4ceBP3XCYAGLoMCmn8t2RRVzuD1ndWPLBbv7H9CrwM9Bprf6Up6BM9ZA/3alodg0b7Kf6ftBK9R1N04vw==",
      "license": "Apache-2.0",
      "dependencies": {
        "@smithy/core": "^3.23.6",
        "@smithy/middleware-serde": "^4.2.11",
        "@smithy/node-config-provider": "^4.3.10",
        "@smithy/shared-ini-file-loader": "^4.4.5",
        "@smithy/types": "^4.13.0",
        "@smithy/url-parser": "^4.2.10",
        "@smithy/util-middleware": "^4.2.10",
        "tslib": "^2.6.2"
      },
      "engines": {
        "node": ">=18.0.0"
      }
    },
    "node_modules/@smithy/middleware-serde": {
      "version": "4.2.11",
      "resolved": "https://registry.npmjs.org/@smithy/middleware-serde/-/middleware-serde-4.2.11.tgz",
      "integrity": "sha512-STQdONGPwbbC7cusL60s7vOa6He6A9w2jWhoapL0mgVjmR19pr26slV+yoSP76SIssMTX/95e5nOZ6UQv6jolg==",
      "license": "Apache-2.0",
      "dependencies": {
        "@smithy/protocol-http": "^5.3.10",
        "@smithy/types": "^4.13.0",
        "tslib": "^2.6.2"
      },
      "engines": {
        "node": ">=18.0.0"
      }
    },
    "node_modules/@smithy/middleware-stack": {
      "version": "4.2.10",
      "resolved": "https://registry.npmjs.org/@smithy/middleware-stack/-/middleware-stack-4.2.10.tgz",
      "integrity": "sha512-pmts/WovNcE/tlyHa8z/groPeOtqtEpp61q3W0nW1nDJuMq/x+hWa/OVQBtgU0tBqupeXq0VBOLA4UZwE8I0YA==",
      "license": "Apache-2.0",
      "dependencies": {
        "@smithy/types": "^4.13.0",
        "tslib": "^2.6.2"
      },
      "engines": {
        "node": ">=18.0.0"
      }
    },
    "node_modules/@smithy/node-config-provider": {
      "version": "4.3.10",
      "resolved": "https://registry.npmjs.org/@smithy/node-config-provider/-/node-config-provider-4.3.10.tgz",
      "integrity": "sha512-UALRbJtVX34AdP2VECKVlnNgidLHA2A7YgcJzwSBg1hzmnO/bZBHl/LDQQyYifzUwp1UOODnl9JJ3KNawpUJ9w==",
      "license": "Apache-2.0",
      "dependencies": {
        "@smithy/property-provider": "^4.2.10",
        "@smithy/shared-ini-file-loader": "^4.4.5",
        "@smithy/types": "^4.13.0",
        "tslib": "^2.6.2"
      },
      "engines": {
        "node": ">=18.0.0"
      }
    },
    "node_modules/@smithy/node-http-handler": {
      "version": "4.4.12",
      "resolved": "https://registry.npmjs.org/@smithy/node-http-handler/-/node-http-handler-4.4.12.tgz",
      "integrity": "sha512-zo1+WKJkR9x7ZtMeMDAAsq2PufwiLDmkhcjpWPRRkmeIuOm6nq1qjFICSZbnjBvD09ei8KMo26BWxsu2BUU+5w==",
      "license": "Apache-2.0",
      "dependencies": {
        "@smithy/abort-controller": "^4.2.10",
        "@smithy/protocol-http": "^5.3.10",
        "@smithy/querystring-builder": "^4.2.10",
        "@smithy/types": "^4.13.0",
        "tslib": "^2.6.2"
      },
      "engines": {
        "node": ">=18.0.0"
      }
    },
    "node_modules/@smithy/property-provider": {
      "version": "4.2.10",
      "resolved": "https://registry.npmjs.org/@smithy/property-provider/-/property-provider-4.2.10.tgz",
      "integrity": "sha512-5jm60P0CU7tom0eNrZ7YrkgBaoLFXzmqB0wVS+4uK8PPGmosSrLNf6rRd50UBvukztawZ7zyA8TxlrKpF5z9jw==",
      "license": "Apache-2.0",
      "dependencies": {
        "@smithy/types": "^4.13.0",
        "tslib": "^2.6.2"
      },
      "engines": {
        "node": ">=18.0.0"
      }
    },
    "node_modules/@smithy/protocol-http": {
      "version": "5.3.10",
      "resolved": "https://registry.npmjs.org/@smithy/protocol-http/-/protocol-http-5.3.10.tgz",
      "integrity": "sha512-2NzVWpYY0tRdfeCJLsgrR89KE3NTWT2wGulhNUxYlRmtRmPwLQwKzhrfVaiNlA9ZpJvbW7cjTVChYKgnkqXj1A==",
      "license": "Apache-2.0",
      "dependencies": {
        "@smithy/types": "^4.13.0",
        "tslib": "^2.6.2"
      },
      "engines": {
        "node": ">=18.0.0"
      }
    },
    "node_modules/@smithy/querystring-builder": {
      "version": "4.2.10",
      "resolved": "https://registry.npmjs.org/@smithy/querystring-builder/-/querystring-builder-4.2.10.tgz",
      "integrity": "sha512-HeN7kEvuzO2DmAzLukE9UryiUvejD3tMp9a1D1NJETerIfKobBUCLfviP6QEk500166eD2IATaXM59qgUI+YDA==",
      "license": "Apache-2.0",
      "dependencies": {
        "@smithy/types": "^4.13.0",
        "@smithy/util-uri-escape": "^4.2.1",
        "tslib": "^2.6.2"
      },
      "engines": {
        "node": ">=18.0.0"
      }
    },
    "node_modules/@smithy/querystring-parser": {
      "version": "4.2.10",
      "resolved": "https://registry.npmjs.org/@smithy/querystring-parser/-/querystring-parser-4.2.10.tgz",
      "integrity": "sha512-4Mh18J26+ao1oX5wXJfWlTT+Q1OpDR8ssiC9PDOuEgVBGloqg18Fw7h5Ct8DyT9NBYwJgtJ2nLjKKFU6RP1G1Q==",
      "license": "Apache-2.0",
      "dependencies": {
        "@smithy/types": "^4.13.0",
        "tslib": "^2.6.2"
      },
      "engines": {
        "node": ">=18.0.0"
      }
    },
    "node_modules/@smithy/shared-ini-file-loader": {
      "version": "4.4.5",
      "resolved": "https://registry.npmjs.org/@smithy/shared-ini-file-loader/-/shared-ini-file-loader-4.4.5.tgz",
      "integrity": "sha512-pHgASxl50rrtOztgQCPmOXFjRW+mCd7ALr/3uXNzRrRoGV5G2+78GOsQ3HlQuBVHCh9o6xqMNvlIKZjWn4Euug==",
      "license": "Apache-2.0",
      "dependencies": {
        "@smithy/types": "^4.13.0",
        "tslib": "^2.6.2"
      },
      "engines": {
        "node": ">=18.0.0"
      }
    },
    "node_modules/@smithy/signature-v4": {
      "version": "5.3.10",
      "resolved": "https://registry.npmjs.org/@smithy/signature-v4/-/signature-v4-5.3.10.tgz",
      "integrity": "sha512-Wab3wW8468WqTKIxI+aZe3JYO52/RYT/8sDOdzkUhjnLakLe9qoQqIcfih/qxcF4qWEFoWBszY0mj5uxffaVXA==",
      "license": "Apache-2.0",
      "dependencies": {
        "@smithy/is-array-buffer": "^4.2.1",
        "@smithy/protocol-http": "^5.3.10",
        "@smithy/types": "^4.13.0",
        "@smithy/util-hex-encoding": "^4.2.1",
        "@smithy/util-middleware": "^4.2.10",
        "@smithy/util-uri-escape": "^4.2.1",
        "@smithy/util-utf8": "^4.2.1",
        "tslib": "^2.6.2"
      },
      "engines": {
        "node": ">=18.0.0"
      }
    },
    "node_modules/@smithy/smithy-client": {
      "version": "4.12.0",
      "resolved": "https://registry.npmjs.org/@smithy/smithy-client/-/smithy-client-4.12.0.tgz",
      "integrity": "sha512-R8bQ9K3lCcXyZmBnQqUZJF4ChZmtWT5NLi6x5kgWx5D+/j0KorXcA0YcFg/X5TOgnTCy1tbKc6z2g2y4amFupQ==",
      "license": "Apache-2.0",
      "dependencies": {
        "@smithy/core": "^3.23.6",
        "@smithy/middleware-endpoint": "^4.4.20",
        "@smithy/middleware-stack": "^4.2.10",
        "@smithy/protocol-http": "^5.3.10",
        "@smithy/types": "^4.13.0",
        "@smithy/util-stream": "^4.5.15",
        "tslib": "^2.6.2"
      },
      "engines": {
        "node": ">=18.0.0"
      }
    },
    "node_modules/@smithy/types": {
      "version": "4.13.0",
      "resolved": "https://registry.npmjs.org/@smithy/types/-/types-4.13.0.tgz",
      "integrity": "sha512-COuLsZILbbQsdrwKQpkkpyep7lCsByxwj7m0Mg5v66/ZTyenlfBc40/QFQ5chO0YN/PNEH1Bi3fGtfXPnYNeDw==",
      "license": "Apache-2.0",
      "dependencies": {
        "tslib": "^2.6.2"
      },
      "engines": {
        "node": ">=18.0.0"
      }
    },
    "node_modules/@smithy/url-parser": {
      "version": "4.2.10",
      "resolved": "https://registry.npmjs.org/@smithy/url-parser/-/url-parser-4.2.10.tgz",
      "integrity": "sha512-uypjF7fCDsRk26u3qHmFI/ePL7bxxB9vKkE+2WKEciHhz+4QtbzWiHRVNRJwU3cKhrYDYQE3b0MRFtqfLYdA4A==",
      "license": "Apache-2.0",
      "dependencies": {
        "@smithy/querystring-parser": "^4.2.10",
        "@smithy/types": "^4.13.0",
        "tslib": "^2.6.2"
      },
      "engines": {
        "node": ">=18.0.0"
      }
    },
    "node_modules/@smithy/util-base64": {
      "version": "4.3.1",
      "resolved": "https://registry.npmjs.org/@smithy/util-base64/-/util-base64-4.3.1.tgz",
      "integrity": "sha512-BKGuawX4Doq/bI/uEmg+Zyc36rJKWuin3py89PquXBIBqmbnJwBBsmKhdHfNEp0+A4TDgLmT/3MSKZ1SxHcR6w==",
      "license": "Apache-2.0",
      "dependencies": {
        "@smithy/util-buffer-from": "^4.2.1",
        "@smithy/util-utf8": "^4.2.1",
        "tslib": "^2.6.2"
      },
      "engines": {
        "node": ">=18.0.0"
      }
    },
    "node_modules/@smithy/util-body-length-browser": {
      "version": "4.2.1",
      "resolved": "https://registry.npmjs.org/@smithy/util-body-length-browser/-/util-body-length-browser-4.2.1.tgz",
      "integrity": "sha512-SiJeLiozrAoCrgDBUgsVbmqHmMgg/2bA15AzcbcW+zan7SuyAVHN4xTSbq0GlebAIwlcaX32xacnrG488/J/6g==",
      "license": "Apache-2.0",
      "dependencies": {
        "tslib": "^2.6.2"
      },
      "engines": {
        "node": ">=18.0.0"
      }
    },
    "node_modules/@smithy/util-buffer-from": {
      "version": "4.2.1",
      "resolved": "https://registry.npmjs.org/@smithy/util-buffer-from/-/util-buffer-from-4.2.1.tgz",
      "integrity": "sha512-/swhmt1qTiVkaejlmMPPDgZhEaWb/HWMGRBheaxwuVkusp/z+ErJyQxO6kaXumOciZSWlmq6Z5mNylCd33X7Ig==",
      "license": "Apache-2.0",
      "dependencies": {
        "@smithy/is-array-buffer": "^4.2.1",
        "tslib": "^2.6.2"
      },
      "engines": {
        "node": ">=18.0.0"
      }
    },
    "node_modules/@smithy/util-endpoints": {
      "version": "3.3.1",
      "resolved": "https://registry.npmjs.org/@smithy/util-endpoints/-/util-endpoints-3.3.1.tgz",
      "integrity": "sha512-xyctc4klmjmieQiF9I1wssBWleRV0RhJ2DpO8+8yzi2LO1Z+4IWOZNGZGNj4+hq9kdo+nyfrRLmQTzc16Op2Vg==",
      "license": "Apache-2.0",
      "dependencies": {
        "@smithy/node-config-provider": "^4.3.10",
        "@smithy/types": "^4.13.0",
        "tslib": "^2.6.2"
      },
      "engines": {
        "node": ">=18.0.0"
      }
    },
    "node_modules/@smithy/util-hex-encoding": {
      "version": "4.2.1",
      "resolved": "https://registry.npmjs.org/@smithy/util-hex-encoding/-/util-hex-encoding-4.2.1.tgz",
      "integrity": "sha512-c1hHtkgAWmE35/50gmdKajgGAKV3ePJ7t6UtEmpfCWJmQE9BQAQPz0URUVI89eSkcDqCtzqllxzG28IQoZPvwA==",
      "license": "Apache-2.0",
      "dependencies": {
        "tslib": "^2.6.2"
      },
      "engines": {
        "node": ">=18.0.0"
      }
    },
    "node_modules/@smithy/util-middleware": {
      "version": "4.2.10",
      "resolved": "https://registry.npmjs.org/@smithy/util-middleware/-/util-middleware-4.2.10.tgz",
      "integrity": "sha512-LxaQIWLp4y0r72eA8mwPNQ9va4h5KeLM0I3M/HV9klmFaY2kN766wf5vsTzmaOpNNb7GgXAd9a25P3h8T49PSA==",
      "license": "Apache-2.0",
      "dependencies": {
        "@smithy/types": "^4.13.0",
        "tslib": "^2.6.2"
      },
      "engines": {
        "node": ">=18.0.0"
      }
    },
    "node_modules/@smithy/util-stream": {
      "version": "4.5.15",
      "resolved": "https://registry.npmjs.org/@smithy/util-stream/-/util-stream-4.5.15.tgz",
      "integrity": "sha512-OlOKnaqnkU9X+6wEkd7mN+WB7orPbCVDauXOj22Q7VtiTkvy7ZdSsOg4QiNAZMgI4OkvNf+/VLUC3VXkxuWJZw==",
      "license": "Apache-2.0",
      "dependencies": {
        "@smithy/fetch-http-handler": "^5.3.11",
        "@smithy/node-http-handler": "^4.4.12",
        "@smithy/types": "^4.13.0",
        "@smithy/util-base64": "^4.3.1",
        "@smithy/util-buffer-from": "^4.2.1",
        "@smithy/util-hex-encoding": "^4.2.1",
        "@smithy/util-utf8": "^4.2.1",
        "tslib": "^2.6.2"
      },
      "engines": {
        "node": ">=18.0.0"
      }
    },
    "node_modules/@smithy/util-uri-escape": {
      "version": "4.2.1",
      "resolved": "https://registry.npmjs.org/@smithy/util-uri-escape/-/util-uri-escape-4.2.1.tgz",
      "integrity": "sha512-YmiUDn2eo2IOiWYYvGQkgX5ZkBSiTQu4FlDo5jNPpAxng2t6Sjb6WutnZV9l6VR4eJul1ABmCrnWBC9hKHQa6Q==",
      "license": "Apache-2.0",
      "dependencies": {
        "tslib": "^2.6.2"
      },
      "engines": {
        "node": ">=18.0.0"
      }
    },
    "node_modules/@smithy/util-utf8": {
      "version": "4.2.1",
      "resolved": "https://registry.npmjs.org/@smithy/util-utf8/-/util-utf8-4.2.1.tgz",
      "integrity": "sha512-DSIwNaWtmzrNQHv8g7DBGR9mulSit65KSj5ymGEIAknmIN8IpbZefEep10LaMG/P/xquwbmJ1h9ectz8z6mV6g==",
      "license": "Apache-2.0",
      "dependencies": {
        "@smithy/util-buffer-from": "^4.2.1",
        "tslib": "^2.6.2"
      },
      "engines": {
        "node": ">=18.0.0"
      }
    },
    "node_modules/@smithy/uuid": {
      "version": "1.1.1",
      "resolved": "https://registry.npmjs.org/@smithy/uuid/-/uuid-1.1.1.tgz",
      "integrity": "sha512-dSfDCeihDmZlV2oyr0yWPTUfh07suS+R5OB+FZGiv/hHyK3hrFBW5rR1UYjfa57vBsrP9lciFkRPzebaV1Qujw==",
      "license": "Apache-2.0",
      "dependencies": {
        "tslib": "^2.6.2"
      },
      "engines": {
        "node": ">=18.0.0"
      }
    },
    "node_modules/fast-xml-parser": {
      "version": "5.3.6",
      "resolved": "https://registry.npmjs.org/fast-xml-parser/-/fast-xml-parser-5.3.6.tgz",
      "integrity": "sha512-QNI3sAvSvaOiaMl8FYU4trnEzCwiRr8XMWgAHzlrWpTSj+QaCSvOf1h82OEP1s4hiAXhnbXSyFWCf4ldZzZRVA==",
      "funding": [
        {
          "type": "github",
          "url": "https://github.com/sponsors/NaturalIntelligence"
        }
      ],
      "license": "MIT",
      "dependencies": {
        "strnum": "^2.1.2"
      },
      "bin": {
        "fxparser": "src/cli/cli.js"
      }
    },
    "node_modules/strnum": {
      "version": "2.1.2",
      "resolved": "https://registry.npmjs.org/strnum/-/strnum-2.1.2.tgz",
      "integrity": "sha512-l63NF9y/cLROq/yqKXSLtcMeeyOfnSQlfMSlzFt/K73oIaD8DGaQWd7Z34X9GPiKqP5rbSh84Hl4bOlLcjiSrQ==",
      "funding": [
        {
          "type": "github",
          "url": "https://github.com/sponsors/NaturalIntelligence"
        }
      ],
      "license": "MIT"
    },
    "node_modules/tslib": {
      "version": "2.8.1",
      "resolved": "https://registry.npmjs.org/tslib/-/tslib-2.8.1.tgz",
      "integrity": "sha512-oJFu94HQb+KVduSUQL7wnpmqnfmLsOA/nAh6b6EH0wCEoK0/mPeXU6c3wKDV83MkOuHPRHtSXKKU99IBazS/2w==",
      "license": "0BSD"
    }
  }
}
